
Microsoft Visual Studio Solution File, Format Version 12.00
# Visual Studio Version 16
VisualStudioVersion = 16.0.30406.217
MinimumVisualStudioVersion = 10.0.40219.1
Project("{FAE04EC0-301F-11D3-BF4B-00C04F79EFBC}") = "Tarefa_POO_021120_1", "Tarefa_POO_021120_1\Tarefa_POO_021120_1.csproj", "{6644283F-4DA7-4670-BB60-BFA549561171}"
EndProject
Global
	GlobalSection(SolutionConfigurationPlatforms) = preSolution
		Debug|Any CPU = Debug|Any CPU
		Release|Any CPU = Release|Any CPU
	EndGlobalSection
	GlobalSection(ProjectConfigurationPlatforms) = postSolution
		{6644283F-4DA7-4670-BB60-BFA549561171}.Debug|Any CPU.ActiveCfg = Debug|Any CPU
		{6644283F-4DA7-4670-BB60-BFA549561171}.Debug|Any CPU.Build.0 = Debug|Any CPU
		{6644283F-4DA7-4670-BB60-BFA549561171}.Release|Any CPU.ActiveCfg = Release|Any CPU
		{6644283F-4DA7-4670-BB60-BFA549561171}.Release|Any CPU.Build.0 = Release|Any CPU
	EndGlobalSection
	GlobalSection(SolutionProperties) = preSolution
		HideSolutionNode = FALSE
	EndGlobalSection
	GlobalSection(ExtensibilityGlobals) = postSolution
		SolutionGuid = {71BA777E-1967-4882-AB8F-35726EFB40F1}
	EndGlobalSection
EndGlobal
