
Microsoft Visual Studio Solution File, Format Version 12.00
# Visual Studio Version 16
VisualStudioVersion = 16.0.30406.217
MinimumVisualStudioVersion = 10.0.40219.1
Project("{FAE04EC0-301F-11D3-BF4B-00C04F79EFBC}") = "Tarefa_POO_261020", "Tarefa_POO_261020\Tarefa_POO_261020.csproj", "{4BB0F74B-BC4F-4B90-A194-2C2148FA523A}"
EndProject
Global
	GlobalSection(SolutionConfigurationPlatforms) = preSolution
		Debug|Any CPU = Debug|Any CPU
		Release|Any CPU = Release|Any CPU
	EndGlobalSection
	GlobalSection(ProjectConfigurationPlatforms) = postSolution
		{4BB0F74B-BC4F-4B90-A194-2C2148FA523A}.Debug|Any CPU.ActiveCfg = Debug|Any CPU
		{4BB0F74B-BC4F-4B90-A194-2C2148FA523A}.Debug|Any CPU.Build.0 = Debug|Any CPU
		{4BB0F74B-BC4F-4B90-A194-2C2148FA523A}.Release|Any CPU.ActiveCfg = Release|Any CPU
		{4BB0F74B-BC4F-4B90-A194-2C2148FA523A}.Release|Any CPU.Build.0 = Release|Any CPU
	EndGlobalSection
	GlobalSection(SolutionProperties) = preSolution
		HideSolutionNode = FALSE
	EndGlobalSection
	GlobalSection(ExtensibilityGlobals) = postSolution
		SolutionGuid = {7E143F92-EE5C-459C-ADA0-F75268033DBD}
	EndGlobalSection
EndGlobal
