
Microsoft Visual Studio Solution File, Format Version 12.00
# Visual Studio Version 16
VisualStudioVersion = 16.0.30406.217
MinimumVisualStudioVersion = 10.0.40219.1
Project("{FAE04EC0-301F-11D3-BF4B-00C04F79EFBC}") = "Tarefa_POO_280920", "Tarefa_POO_280920\Tarefa_POO_280920.csproj", "{D52F72F5-04BD-4338-85E2-FE2A49146DA4}"
EndProject
Global
	GlobalSection(SolutionConfigurationPlatforms) = preSolution
		Debug|Any CPU = Debug|Any CPU
		Release|Any CPU = Release|Any CPU
	EndGlobalSection
	GlobalSection(ProjectConfigurationPlatforms) = postSolution
		{D52F72F5-04BD-4338-85E2-FE2A49146DA4}.Debug|Any CPU.ActiveCfg = Debug|Any CPU
		{D52F72F5-04BD-4338-85E2-FE2A49146DA4}.Debug|Any CPU.Build.0 = Debug|Any CPU
		{D52F72F5-04BD-4338-85E2-FE2A49146DA4}.Release|Any CPU.ActiveCfg = Release|Any CPU
		{D52F72F5-04BD-4338-85E2-FE2A49146DA4}.Release|Any CPU.Build.0 = Release|Any CPU
	EndGlobalSection
	GlobalSection(SolutionProperties) = preSolution
		HideSolutionNode = FALSE
	EndGlobalSection
	GlobalSection(ExtensibilityGlobals) = postSolution
		SolutionGuid = {91A3A8E8-50FD-4849-9710-1E013844B956}
	EndGlobalSection
EndGlobal
